{"1.1.0",
[{<<"bert">>,
  {git,"git://github.com/stleon/bert.erl.git",
       {ref,"076205498d0bc134731a16ba94ed25f1bc5cbc8a"}},
  0},
 {<<"cowboy">>,
  {git,"git://github.com/ninenines/cowboy.git",
       {ref,"e0254cdcb002d26a601d087b536d2b7e9be1f1f7"}},
  0},
 {<<"cowlib">>,
  {git,"git://github.com/ninenines/cowlib.git",
       {ref,"8588724cf91ddbb53b9c35ed665866556b217323"}},
  0},
 {<<"goldrush">>,{pkg,<<"goldrush">>,<<"0.1.9">>},1},
 {<<"jiffy">>,
  {git,"git://github.com/davisp/jiffy.git",
       {ref,"c942525130ff0271bd318715406f234c0dc9bc5a"}},
  0},
 {<<"lager">>,
  {git,"git://github.com/erlang-lager/lager.git",
       {ref,"1c0ab772df0535d46a4467857954ee4dcf7f3078"}},
  0},
 {<<"ranch">>,
  {git,"git://github.com/ninenines/ranch.git",
       {ref,"3190aef88aea04d6dce8545fe9b4574288903f44"}},
  0},
 {<<"sync">>,
  {git,"git://github.com/rustyio/sync.git",
       {ref,"d7ded2d221fb542b3417cffe77163206613daacb"}},
  0}]}.
[
{pkg_hash,[
 {<<"goldrush">>, <<"F06E5D5F1277DA5C413E84D5A2924174182FB108DABB39D5EC548B27424CD106">>}]}
].
